
Microsoft Visual Studio Solution File, Format Version 12.00
# Visual Studio 15
VisualStudioVersion = 15.0.28307.168
MinimumVisualStudioVersion = 10.0.40219.1
Project("{FAE04EC0-301F-11D3-BF4B-00C04F79EFBC}") = "TopTrumpsHCML", "TopTrumpsHCML\TopTrumpsHCML.csproj", "{79CD5C24-7011-4D3C-936C-98881A656A95}"
EndProject
Project("{FAE04EC0-301F-11D3-BF4B-00C04F79EFBC}") = "TopTrumpsHCML.Tests", "TopTrumpsHCML.Tests\TopTrumpsHCML.Tests.csproj", "{B8DE2A17-CCC7-4062-9B9A-DA9E6977D2C3}"
EndProject
Global
	GlobalSection(SolutionConfigurationPlatforms) = preSolution
		Debug|Any CPU = Debug|Any CPU
		Release|Any CPU = Release|Any CPU
	EndGlobalSection
	GlobalSection(ProjectConfigurationPlatforms) = postSolution
		{79CD5C24-7011-4D3C-936C-98881A656A95}.Debug|Any CPU.ActiveCfg = Debug|Any CPU
		{79CD5C24-7011-4D3C-936C-98881A656A95}.Debug|Any CPU.Build.0 = Debug|Any CPU
		{79CD5C24-7011-4D3C-936C-98881A656A95}.Release|Any CPU.ActiveCfg = Release|Any CPU
		{79CD5C24-7011-4D3C-936C-98881A656A95}.Release|Any CPU.Build.0 = Release|Any CPU
		{B8DE2A17-CCC7-4062-9B9A-DA9E6977D2C3}.Debug|Any CPU.ActiveCfg = Debug|Any CPU
		{B8DE2A17-CCC7-4062-9B9A-DA9E6977D2C3}.Debug|Any CPU.Build.0 = Debug|Any CPU
		{B8DE2A17-CCC7-4062-9B9A-DA9E6977D2C3}.Release|Any CPU.ActiveCfg = Release|Any CPU
		{B8DE2A17-CCC7-4062-9B9A-DA9E6977D2C3}.Release|Any CPU.Build.0 = Release|Any CPU
	EndGlobalSection
	GlobalSection(SolutionProperties) = preSolution
		HideSolutionNode = FALSE
	EndGlobalSection
	GlobalSection(ExtensibilityGlobals) = postSolution
		SolutionGuid = {2FC7FB10-CFB8-4797-ADAC-BF47B446BC5E}
	EndGlobalSection
EndGlobal
